
Microsoft Visual Studio Solution File, Format Version 12.00
# Visual Studio 2013
VisualStudioVersion = 12.0.40629.0
MinimumVisualStudioVersion = 10.0.40219.1
Project("{FAE04EC0-301F-11D3-BF4B-00C04F79EFBC}") = "AdvancedTicTacToe.WebApp", "AdvancedTicTacToe.WebApp\AdvancedTicTacToe.WebApp.csproj", "{9F05B9CF-742C-4DA7-A53A-01B8E9164C78}"
EndProject
Project("{FAE04EC0-301F-11D3-BF4B-00C04F79EFBC}") = "AdvancedTicTacToe.Model", "AdvancedTicTacToe.Model\AdvancedTicTacToe.Model.csproj", "{D34324A3-FE67-43E3-85A5-3A567B4D0DE3}"
EndProject
Global
	GlobalSection(SolutionConfigurationPlatforms) = preSolution
		Debug|Any CPU = Debug|Any CPU
		Release|Any CPU = Release|Any CPU
	EndGlobalSection
	GlobalSection(ProjectConfigurationPlatforms) = postSolution
		{9F05B9CF-742C-4DA7-A53A-01B8E9164C78}.Debug|Any CPU.ActiveCfg = Debug|Any CPU
		{9F05B9CF-742C-4DA7-A53A-01B8E9164C78}.Debug|Any CPU.Build.0 = Debug|Any CPU
		{9F05B9CF-742C-4DA7-A53A-01B8E9164C78}.Release|Any CPU.ActiveCfg = Release|Any CPU
		{9F05B9CF-742C-4DA7-A53A-01B8E9164C78}.Release|Any CPU.Build.0 = Release|Any CPU
		{D34324A3-FE67-43E3-85A5-3A567B4D0DE3}.Debug|Any CPU.ActiveCfg = Debug|Any CPU
		{D34324A3-FE67-43E3-85A5-3A567B4D0DE3}.Debug|Any CPU.Build.0 = Debug|Any CPU
		{D34324A3-FE67-43E3-85A5-3A567B4D0DE3}.Release|Any CPU.ActiveCfg = Release|Any CPU
		{D34324A3-FE67-43E3-85A5-3A567B4D0DE3}.Release|Any CPU.Build.0 = Release|Any CPU
	EndGlobalSection
	GlobalSection(SolutionProperties) = preSolution
		HideSolutionNode = FALSE
	EndGlobalSection
EndGlobal
